
Microsoft Visual Studio Solution File, Format Version 12.00
# Visual Studio Version 17
VisualStudioVersion = 17.7.34202.233
MinimumVisualStudioVersion = 10.0.40219.1
Project("{FAE04EC0-301F-11D3-BF4B-00C04F79EFBC}") = "SUT23-Lektion-241023-Generics-Collections", "SUT23-Lektion-241023-Generics-Collections\SUT23-Lektion-241023-Generics-Collections.csproj", "{50D093CE-55A5-4EF0-8853-9D24C825B1CC}"
EndProject
Global
	GlobalSection(SolutionConfigurationPlatforms) = preSolution
		Debug|Any CPU = Debug|Any CPU
		Release|Any CPU = Release|Any CPU
	EndGlobalSection
	GlobalSection(ProjectConfigurationPlatforms) = postSolution
		{50D093CE-55A5-4EF0-8853-9D24C825B1CC}.Debug|Any CPU.ActiveCfg = Debug|Any CPU
		{50D093CE-55A5-4EF0-8853-9D24C825B1CC}.Debug|Any CPU.Build.0 = Debug|Any CPU
		{50D093CE-55A5-4EF0-8853-9D24C825B1CC}.Release|Any CPU.ActiveCfg = Release|Any CPU
		{50D093CE-55A5-4EF0-8853-9D24C825B1CC}.Release|Any CPU.Build.0 = Release|Any CPU
	EndGlobalSection
	GlobalSection(SolutionProperties) = preSolution
		HideSolutionNode = FALSE
	EndGlobalSection
	GlobalSection(ExtensibilityGlobals) = postSolution
		SolutionGuid = {91DD59DF-7E2F-408B-9F51-0687AF1E0072}
	EndGlobalSection
EndGlobal
